
Microsoft Visual Studio Solution File, Format Version 12.00
# Visual Studio Version 17
VisualStudioVersion = 17.5.002.0
MinimumVisualStudioVersion = 10.0.40219.1
Project("{9A19103F-16F7-4668-BE54-9A1E7A4F7556}") = "Electricity_Bill", "Electricity_Bill.csproj", "{8D789BD0-6DD3-441C-A501-7C016ECBE524}"
EndProject
Global
	GlobalSection(SolutionConfigurationPlatforms) = preSolution
		Debug|Any CPU = Debug|Any CPU
		Release|Any CPU = Release|Any CPU
	EndGlobalSection
	GlobalSection(ProjectConfigurationPlatforms) = postSolution
		{8D789BD0-6DD3-441C-A501-7C016ECBE524}.Debug|Any CPU.ActiveCfg = Debug|Any CPU
		{8D789BD0-6DD3-441C-A501-7C016ECBE524}.Debug|Any CPU.Build.0 = Debug|Any CPU
		{8D789BD0-6DD3-441C-A501-7C016ECBE524}.Release|Any CPU.ActiveCfg = Release|Any CPU
		{8D789BD0-6DD3-441C-A501-7C016ECBE524}.Release|Any CPU.Build.0 = Release|Any CPU
	EndGlobalSection
	GlobalSection(SolutionProperties) = preSolution
		HideSolutionNode = FALSE
	EndGlobalSection
	GlobalSection(ExtensibilityGlobals) = postSolution
		SolutionGuid = {A091521A-5ECC-47FF-9DDB-ED9875C48BBD}
	EndGlobalSection
EndGlobal
